
Microsoft Visual Studio Solution File, Format Version 12.00
# Visual Studio Version 17
VisualStudioVersion = 17.8.34316.72
MinimumVisualStudioVersion = 10.0.40219.1
Project("{888888A0-9F3D-457C-B088-3A5042F75D52}") = "fastapi", "fastapi.pyproj", "{F2A9BDC8-380D-4AA3-B28C-E4C697EC6E1A}"
EndProject
Global
	GlobalSection(SolutionConfigurationPlatforms) = preSolution
		Debug|Any CPU = Debug|Any CPU
		Release|Any CPU = Release|Any CPU
	EndGlobalSection
	GlobalSection(ProjectConfigurationPlatforms) = postSolution
		{F2A9BDC8-380D-4AA3-B28C-E4C697EC6E1A}.Debug|Any CPU.ActiveCfg = Debug|Any CPU
		{F2A9BDC8-380D-4AA3-B28C-E4C697EC6E1A}.Release|Any CPU.ActiveCfg = Release|Any CPU
	EndGlobalSection
	GlobalSection(SolutionProperties) = preSolution
		HideSolutionNode = FALSE
	EndGlobalSection
	GlobalSection(ExtensibilityGlobals) = postSolution
		SolutionGuid = {56539750-CB2F-4D74-B49A-DDE4A56928A8}
	EndGlobalSection
EndGlobal
